# THIS IS AN AUTOGENERATED FILE. DO NOT EDIT THIS FILE DIRECTLY.
# yarn lockfile v1


ace-builds@^1.2.6:
  version "1.2.6"
  resolved "https://unpm.uberinternal.com/ace-builds/-/ace-builds-1.2.6.tgz#a9233c27c37b8494f20af84917ee1619489af429"

jquery@^3.2.1:
  version "3.2.1"
  resolved "https://unpm.uberinternal.com/jquery/-/jquery-3.2.1.tgz#5c4d9de652af6cd0a770154a631bba12b015c787"

openscad-openjscad-translator@^0.0.7:
  version "0.0.7"
  resolved "https://unpm.uberinternal.com/openscad-openjscad-translator/-/openscad-openjscad-translator-0.0.7.tgz#3796dc9495311dc2ec6e3a208e7b55f9fbe4dc2d"
  dependencies:
    requirejs "~2.1.5"
    sylvester "~0.0.21"
    underscore "~1.4.4"

requirejs@~2.1.5:
  version "2.1.22"
  resolved "https://unpm.uberinternal.com/requirejs/-/requirejs-2.1.22.tgz#dd78fd2d34180c0d62c724b5b8aebc0664e0366f"

sylvester@~0.0.21:
  version "0.0.21"
  resolved "https://unpm.uberinternal.com/sylvester/-/sylvester-0.0.21.tgz#2987b1ce2bd2f38b0dce2a34388884bfa4400ea7"

underscore@^1.8.3:
  version "1.8.3"
  resolved "https://unpm.uberinternal.com/underscore/-/underscore-1.8.3.tgz#4f3fb53b106e6097fcf9cb4109f2a5e9bdfa5022"

underscore@~1.4.4:
  version "1.4.4"
  resolved "https://unpm.uberinternal.com/underscore/-/underscore-1.4.4.tgz#61a6a32010622afa07963bf325203cf12239d604"
